lockfileVersion: '9.0'

settings:
  autoInstallPeers: true
  excludeLinksFromLockfile: false

importers:

  .: {}

  packages/client:
    dependencies:
      nanostores:
        specifier: ^1.0.1
        version: 1.3.0
    devDependencies:
      typescript:
        specifier: ^5.6.0
        version: 5.9.3

  packages/react:
    dependencies:
      '@aegistry/client':
        specifier: workspace:*
        version: link:../client
      '@nanostores/react':
        specifier: ^1.0.0
        version: 1.1.0(nanostores@1.3.0)(react@19.2.7)
      nanostores:
        specifier: ^1.0.1
        version: 1.3.0
    devDependencies:
      '@types/react':
        specifier: ^19.0.0
        version: 19.2.17
      react:
        specifier: ^19.0.0
        version: 19.2.7
      typescript:
        specifier: ^5.6.0
        version: 5.9.3

packages:

  '@nanostores/react@1.1.0':
    resolution: {integrity: sha512-MbH35fjhcf7LAubYX5vhOChYUfTLzNLqH/mBGLVsHkcvjy0F8crO1WQwdmQ2xKbAmtpalDa2zBt3Hlg5kqr8iw==}
    engines: {node: ^20.0.0 || >=22.0.0}
    peerDependencies:
      nanostores: ^1.2.0
      react: '>=18.0.0'

  '@types/react@19.2.17':
    resolution: {integrity: sha512-MXfmqaVPEVgkBT/aY0aGCkRWWtByiYQXo3xdQ8r5RzuFrPiRn8Gar2tQdXSUQ2GKV3bkXckek89V8wQBY2Q/Aw==}

  csstype@3.2.3:
    resolution: {integrity: sha512-z1HGKcYy2xA8AGQfwrn0PAy+PB7X/GSj3UVJW9qKyn43xWa+gl5nXmU4qqLMRzWVLFC8KusUX8T/0kCiOYpAIQ==}

  nanostores@1.3.0:
    resolution: {integrity: sha512-XPUa/jz+P1oJvN9VBxw4L9MtdFfaH3DAryqPssqhb2kXjmb9npz0dly6rCsgFWOPr4Yg9mTfM3MDZgZZ+7A3lA==}
    engines: {node: ^20.0.0 || >=22.0.0}

  react@19.2.7:
    resolution: {integrity: sha512-HNe9WslTbXmFK8o8cmwgAeJFSBvt1bPdHCVKtaaV+WlAN36mpT4hcRpwbf3fY56ar2oIXzsBpOAiIRHAdY0OlQ==}
    engines: {node: '>=0.10.0'}

  typescript@5.9.3:
    resolution: {integrity: sha512-jl1vZzPDinLr9eUt3J/t7V6FgNEw9QjvBPdysz9KfQDD41fQrC2Y4vKQdiaUpFT4bXlb1RHhLpp8wtm6M5TgSw==}
    engines: {node: '>=14.17'}
    hasBin: true

snapshots:

  '@nanostores/react@1.1.0(nanostores@1.3.0)(react@19.2.7)':
    dependencies:
      nanostores: 1.3.0
      react: 19.2.7

  '@types/react@19.2.17':
    dependencies:
      csstype: 3.2.3

  csstype@3.2.3: {}

  nanostores@1.3.0: {}

  react@19.2.7: {}

  typescript@5.9.3: {}
